
Microsoft Visual Studio Solution File, Format Version 12.00
# Visual Studio 14
VisualStudioVersion = 14.0.25123.0
MinimumVisualStudioVersion = 10.0.40219.1
Project("{2150E333-8FDC-42A3-9474-1A3956D46DE8}") = "src", "src", "{C2723184-F5F8-4705-866D-E171A75CD6E1}"
EndProject
Project("{2150E333-8FDC-42A3-9474-1A3956D46DE8}") = "Solution Items", "Solution Items", "{E1F6F61E-EF24-452C-A2D9-CF21CB7CF920}"
	ProjectSection(SolutionItems) = preProject
		global.json = global.json
	EndProjectSection
EndProject
Project("{8BB2217D-0F2D-49D1-97BC-3654ED321F3B}") = "AspnetCore.Study", "src\AspnetCore.Study\AspnetCore.Study.xproj", "{B7111BAA-B4C4-45EB-9B53-D7D8571E626D}"
EndProject
Global
	GlobalSection(SolutionConfigurationPlatforms) = preSolution
		Debug|Any CPU = Debug|Any CPU
		Release|Any CPU = Release|Any CPU
	EndGlobalSection
	GlobalSection(ProjectConfigurationPlatforms) = postSolution
		{B7111BAA-B4C4-45EB-9B53-D7D8571E626D}.Debug|Any CPU.ActiveCfg = Debug|Any CPU
		{B7111BAA-B4C4-45EB-9B53-D7D8571E626D}.Debug|Any CPU.Build.0 = Debug|Any CPU
		{B7111BAA-B4C4-45EB-9B53-D7D8571E626D}.Release|Any CPU.ActiveCfg = Release|Any CPU
		{B7111BAA-B4C4-45EB-9B53-D7D8571E626D}.Release|Any CPU.Build.0 = Release|Any CPU
	EndGlobalSection
	GlobalSection(SolutionProperties) = preSolution
		HideSolutionNode = FALSE
	EndGlobalSection
	GlobalSection(NestedProjects) = preSolution
		{B7111BAA-B4C4-45EB-9B53-D7D8571E626D} = {C2723184-F5F8-4705-866D-E171A75CD6E1}
	EndGlobalSection
EndGlobal
